
Microsoft Visual Studio Solution File, Format Version 12.00
# Visual Studio Version 17
VisualStudioVersion = 17.5.002.0
MinimumVisualStudioVersion = 10.0.40219.1
Project("{9A19103F-16F7-4668-BE54-9A1E7A4F7556}") = "TodoApi", "TodoApi\TodoApi.csproj", "{001DFD2F-4AD8-4171-A625-3CC4CC122E5F}"
EndProject
Project("{FAE04EC0-301F-11D3-BF4B-00C04F79EFBC}") = "TodoApi.Tests", "TodoApi.Tests\TodoApi.Tests.csproj", "{EF3FDA24-364D-4735-8BB0-F11785D73730}"
EndProject
Global
	GlobalSection(SolutionConfigurationPlatforms) = preSolution
		Debug|Any CPU = Debug|Any CPU
		Release|Any CPU = Release|Any CPU
	EndGlobalSection
	GlobalSection(ProjectConfigurationPlatforms) = postSolution
		{001DFD2F-4AD8-4171-A625-3CC4CC122E5F}.Debug|Any CPU.ActiveCfg = Debug|Any CPU
		{001DFD2F-4AD8-4171-A625-3CC4CC122E5F}.Debug|Any CPU.Build.0 = Debug|Any CPU
		{001DFD2F-4AD8-4171-A625-3CC4CC122E5F}.Release|Any CPU.ActiveCfg = Release|Any CPU
		{001DFD2F-4AD8-4171-A625-3CC4CC122E5F}.Release|Any CPU.Build.0 = Release|Any CPU
		{EF3FDA24-364D-4735-8BB0-F11785D73730}.Debug|Any CPU.ActiveCfg = Debug|Any CPU
		{EF3FDA24-364D-4735-8BB0-F11785D73730}.Debug|Any CPU.Build.0 = Debug|Any CPU
		{EF3FDA24-364D-4735-8BB0-F11785D73730}.Release|Any CPU.ActiveCfg = Release|Any CPU
		{EF3FDA24-364D-4735-8BB0-F11785D73730}.Release|Any CPU.Build.0 = Release|Any CPU
	EndGlobalSection
	GlobalSection(SolutionProperties) = preSolution
		HideSolutionNode = FALSE
	EndGlobalSection
	GlobalSection(ExtensibilityGlobals) = postSolution
		SolutionGuid = {B204C4B9-3D04-4B1C-960C-4C40421418DA}
	EndGlobalSection
EndGlobal
